
Microsoft Visual Studio Solution File, Format Version 12.00
# Visual Studio Version 17
VisualStudioVersion = 17.0.31903.59
MinimumVisualStudioVersion = 10.0.40219.1
Project("{FAE04EC0-301F-11D3-BF4B-00C04F79EFBC}") = "FortuneCookie.Bot", "FortuneCookie.Bot\FortuneCookie.Bot.csproj", "{3FDED361-475B-4C17-97DB-9BBC37634492}"
EndProject
Project("{FAE04EC0-301F-11D3-BF4B-00C04F79EFBC}") = "FortuneCookie.Core", "FortuneCookie.Core\FortuneCookie.Core.csproj", "{D439A3E1-CC86-40D9-892F-4072ADDCD7F9}"
EndProject
Project("{FAE04EC0-301F-11D3-BF4B-00C04F79EFBC}") = "FortuneCookie.Logic", "FortuneCookie.Logic\FortuneCookie.Logic.csproj", "{F3491BF9-21AA-401D-8F57-48CB7E538489}"
EndProject
Project("{FAE04EC0-301F-11D3-BF4B-00C04F79EFBC}") = "FortuneCookie.Database", "FortuneCookie.Database\FortuneCookie.Database.csproj", "{22332498-0F5F-42B7-9718-729A962D25B0}"
EndProject
Project("{FAE04EC0-301F-11D3-BF4B-00C04F79EFBC}") = "FortuneCookie.Repository", "FortuneCookie.Repository\FortuneCookie.Repository.csproj", "{7F9E9626-CF08-4A59-B310-343F873CA183}"
EndProject
Global
	GlobalSection(SolutionConfigurationPlatforms) = preSolution
		Debug|Any CPU = Debug|Any CPU
		Release|Any CPU = Release|Any CPU
	EndGlobalSection
	GlobalSection(SolutionProperties) = preSolution
		HideSolutionNode = FALSE
	EndGlobalSection
	GlobalSection(ProjectConfigurationPlatforms) = postSolution
		{3FDED361-475B-4C17-97DB-9BBC37634492}.Debug|Any CPU.ActiveCfg = Debug|Any CPU
		{3FDED361-475B-4C17-97DB-9BBC37634492}.Debug|Any CPU.Build.0 = Debug|Any CPU
		{3FDED361-475B-4C17-97DB-9BBC37634492}.Release|Any CPU.ActiveCfg = Release|Any CPU
		{3FDED361-475B-4C17-97DB-9BBC37634492}.Release|Any CPU.Build.0 = Release|Any CPU
		{D439A3E1-CC86-40D9-892F-4072ADDCD7F9}.Debug|Any CPU.ActiveCfg = Debug|Any CPU
		{D439A3E1-CC86-40D9-892F-4072ADDCD7F9}.Debug|Any CPU.Build.0 = Debug|Any CPU
		{D439A3E1-CC86-40D9-892F-4072ADDCD7F9}.Release|Any CPU.ActiveCfg = Release|Any CPU
		{D439A3E1-CC86-40D9-892F-4072ADDCD7F9}.Release|Any CPU.Build.0 = Release|Any CPU
		{F3491BF9-21AA-401D-8F57-48CB7E538489}.Debug|Any CPU.ActiveCfg = Debug|Any CPU
		{F3491BF9-21AA-401D-8F57-48CB7E538489}.Debug|Any CPU.Build.0 = Debug|Any CPU
		{F3491BF9-21AA-401D-8F57-48CB7E538489}.Release|Any CPU.ActiveCfg = Release|Any CPU
		{F3491BF9-21AA-401D-8F57-48CB7E538489}.Release|Any CPU.Build.0 = Release|Any CPU
		{22332498-0F5F-42B7-9718-729A962D25B0}.Debug|Any CPU.ActiveCfg = Debug|Any CPU
		{22332498-0F5F-42B7-9718-729A962D25B0}.Debug|Any CPU.Build.0 = Debug|Any CPU
		{22332498-0F5F-42B7-9718-729A962D25B0}.Release|Any CPU.ActiveCfg = Release|Any CPU
		{22332498-0F5F-42B7-9718-729A962D25B0}.Release|Any CPU.Build.0 = Release|Any CPU
		{7F9E9626-CF08-4A59-B310-343F873CA183}.Debug|Any CPU.ActiveCfg = Debug|Any CPU
		{7F9E9626-CF08-4A59-B310-343F873CA183}.Debug|Any CPU.Build.0 = Debug|Any CPU
		{7F9E9626-CF08-4A59-B310-343F873CA183}.Release|Any CPU.ActiveCfg = Release|Any CPU
		{7F9E9626-CF08-4A59-B310-343F873CA183}.Release|Any CPU.Build.0 = Release|Any CPU
	EndGlobalSection
EndGlobal
